
Microsoft Visual Studio Solution File, Format Version 12.00
# Visual Studio Version 16
VisualStudioVersion = 16.0.30128.74
MinimumVisualStudioVersion = 10.0.40219.1
Project("{FAE04EC0-301F-11D3-BF4B-00C04F79EFBC}") = "ProductDemoApp", "ProductDemoApp\ProductDemoApp.csproj", "{612CDE64-4E57-4900-AB86-92318D2F7F22}"
EndProject
Global
	GlobalSection(SolutionConfigurationPlatforms) = preSolution
		Debug|Any CPU = Debug|Any CPU
		Release|Any CPU = Release|Any CPU
	EndGlobalSection
	GlobalSection(ProjectConfigurationPlatforms) = postSolution
		{612CDE64-4E57-4900-AB86-92318D2F7F22}.Debug|Any CPU.ActiveCfg = Debug|Any CPU
		{612CDE64-4E57-4900-AB86-92318D2F7F22}.Debug|Any CPU.Build.0 = Debug|Any CPU
		{612CDE64-4E57-4900-AB86-92318D2F7F22}.Release|Any CPU.ActiveCfg = Release|Any CPU
		{612CDE64-4E57-4900-AB86-92318D2F7F22}.Release|Any CPU.Build.0 = Release|Any CPU
	EndGlobalSection
	GlobalSection(SolutionProperties) = preSolution
		HideSolutionNode = FALSE
	EndGlobalSection
	GlobalSection(ExtensibilityGlobals) = postSolution
		SolutionGuid = {A00E29D7-305E-42B6-8829-210A92D0EAF7}
	EndGlobalSection
EndGlobal
